
Microsoft Visual Studio Solution File, Format Version 12.00
# Visual Studio Version 16
VisualStudioVersion = 16.0.30523.141
MinimumVisualStudioVersion = 10.0.40219.1
Project("{9A19103F-16F7-4668-BE54-9A1E7A4F7556}") = "FileBackupper", "FileBackupper.csproj", "{BDA2F882-B31F-4010-A84D-712179562C03}"
EndProject
Project("{2150E333-8FDC-42A3-9474-1A3956D46DE8}") = "Solution Items", "Solution Items", "{443CE3BB-8F32-4C2A-A2E9-CF7262E32FA8}"
	ProjectSection(SolutionItems) = preProject
		.editorconfig = .editorconfig
	EndProjectSection
EndProject
Global
	GlobalSection(SolutionConfigurationPlatforms) = preSolution
		Debug|Any CPU = Debug|Any CPU
		Release|Any CPU = Release|Any CPU
	EndGlobalSection
	GlobalSection(ProjectConfigurationPlatforms) = postSolution
		{BDA2F882-B31F-4010-A84D-712179562C03}.Debug|Any CPU.ActiveCfg = Debug|Any CPU
		{BDA2F882-B31F-4010-A84D-712179562C03}.Debug|Any CPU.Build.0 = Debug|Any CPU
		{BDA2F882-B31F-4010-A84D-712179562C03}.Release|Any CPU.ActiveCfg = Release|Any CPU
		{BDA2F882-B31F-4010-A84D-712179562C03}.Release|Any CPU.Build.0 = Release|Any CPU
	EndGlobalSection
	GlobalSection(SolutionProperties) = preSolution
		HideSolutionNode = FALSE
	EndGlobalSection
	GlobalSection(ExtensibilityGlobals) = postSolution
		SolutionGuid = {D12320B6-01D8-4F08-B9E0-773A4786E0C5}
	EndGlobalSection
EndGlobal
